
Microsoft Visual Studio Solution File, Format Version 12.00
# Visual Studio Version 17
VisualStudioVersion = 17.14.36511.14 d17.14
MinimumVisualStudioVersion = 10.0.40219.1
Project("{8BC9CEB8-8B4A-11D0-8D11-00A0C91BC942}") = "LuoguNOOBquiz", "LuoguNOOBquiz\LuoguNOOBquiz.vcxproj", "{06C05D67-A114-4BDB-9EB7-B98954E912F8}"
EndProject
Project("{8BC9CEB8-8B4A-11D0-8D11-00A0C91BC942}") = "Noob2", "Noob2\Noob2.vcxproj", "{B5F6F9CD-9605-4272-8E64-D96145A16CE8}"
EndProject
Global
	GlobalSection(SolutionConfigurationPlatforms) = preSolution
		Debug|x64 = Debug|x64
		Debug|x86 = Debug|x86
		Release|x64 = Release|x64
		Release|x86 = Release|x86
	EndGlobalSection
	GlobalSection(ProjectConfigurationPlatforms) = postSolution
		{06C05D67-A114-4BDB-9EB7-B98954E912F8}.Debug|x64.ActiveCfg = Debug|x64
		{06C05D67-A114-4BDB-9EB7-B98954E912F8}.Debug|x64.Build.0 = Debug|x64
		{06C05D67-A114-4BDB-9EB7-B98954E912F8}.Debug|x86.ActiveCfg = Debug|Win32
		{06C05D67-A114-4BDB-9EB7-B98954E912F8}.Debug|x86.Build.0 = Debug|Win32
		{06C05D67-A114-4BDB-9EB7-B98954E912F8}.Release|x64.ActiveCfg = Release|x64
		{06C05D67-A114-4BDB-9EB7-B98954E912F8}.Release|x64.Build.0 = Release|x64
		{06C05D67-A114-4BDB-9EB7-B98954E912F8}.Release|x86.ActiveCfg = Release|Win32
		{06C05D67-A114-4BDB-9EB7-B98954E912F8}.Release|x86.Build.0 = Release|Win32
		{B5F6F9CD-9605-4272-8E64-D96145A16CE8}.Debug|x64.ActiveCfg = Debug|x64
		{B5F6F9CD-9605-4272-8E64-D96145A16CE8}.Debug|x64.Build.0 = Debug|x64
		{B5F6F9CD-9605-4272-8E64-D96145A16CE8}.Debug|x86.ActiveCfg = Debug|Win32
		{B5F6F9CD-9605-4272-8E64-D96145A16CE8}.Debug|x86.Build.0 = Debug|Win32
		{B5F6F9CD-9605-4272-8E64-D96145A16CE8}.Release|x64.ActiveCfg = Release|x64
		{B5F6F9CD-9605-4272-8E64-D96145A16CE8}.Release|x64.Build.0 = Release|x64
		{B5F6F9CD-9605-4272-8E64-D96145A16CE8}.Release|x86.ActiveCfg = Release|Win32
		{B5F6F9CD-9605-4272-8E64-D96145A16CE8}.Release|x86.Build.0 = Release|Win32
	EndGlobalSection
	GlobalSection(SolutionProperties) = preSolution
		HideSolutionNode = FALSE
	EndGlobalSection
	GlobalSection(ExtensibilityGlobals) = postSolution
		SolutionGuid = {EE76911A-7271-459B-97E9-86FAAD67E61F}
	EndGlobalSection
EndGlobal
