<?xml version="1.0" encoding="utf-8"?>
<Project ToolsVersion="4.0" xmlns="http://schemas.microsoft.com/developer/msbuild/2003">
  <ItemGroup>
    <Filter Include="Source Files">
      <UniqueIdentifier>{4FC737F1-C7A5-4376-A066-2A32D752A2FF}</UniqueIdentifier>
      <Extensions>qml;cpp;c;cc;cxx;def;odl;idl;hpj;bat;asm;asmx</Extensions>
    </Filter>
    <Filter Include="Header Files">
      <UniqueIdentifier>{93995380-89BD-4b04-88EB-625FBE52EBFB}</UniqueIdentifier>
      <Extensions>h;hh;hpp;hxx;hm;inl;inc;xsd</Extensions>
    </Filter>
    <Filter Include="Resource Files">
      <UniqueIdentifier>{67DA6AB6-F800-4c08-8B7A-83BB121AAD01}</UniqueIdentifier>
      <Extensions>qrc;rc;ico;cur;bmp;dlg;rc2;rct;bin;rgs;gif;jpg;jpeg;jpe;resx;tiff;tif;png;wav;mfcribbon-ms</Extensions>
    </Filter>
    <Filter Include="Form Files">
      <UniqueIdentifier>{99349809-55BA-4b9d-BF79-8FDBB0286EB3}</UniqueIdentifier>
      <Extensions>ui</Extensions>
    </Filter>
    <Filter Include="Translation Files">
      <UniqueIdentifier>{639EADAA-A684-42e4-A9AD-28FC9BCB8F7C}</UniqueIdentifier>
      <Extensions>ts</Extensions>
    </Filter>
  </ItemGroup>
  <ItemGroup>
    <ClCompile Include="main.cpp">
      <Filter>Source Files</Filter>
    </ClCompile>
    <ClCompile Include="areadamagebullet.cpp">
      <Filter>Source Files</Filter>
    </ClCompile>
    <ClCompile Include="buildmanager.cpp">
      <Filter>Source Files</Filter>
    </ClCompile>
    <ClCompile Include="bullet.cpp">
      <Filter>Source Files</Filter>
    </ClCompile>
    <ClCompile Include="bulletmanager.cpp">
      <Filter>Source Files</Filter>
    </ClCompile>
    <ClCompile Include="explorationmarker.cpp">
      <Filter>Source Files</Filter>
    </ClCompile>
    <ClCompile Include="gameSaveData.cpp">
      <Filter>Source Files</Filter>
    </ClCompile>
    <ClCompile Include="gameWidget.cpp">
      <Filter>Source Files</Filter>
    </ClCompile>
    <ClCompile Include="global.cpp">
      <Filter>Source Files</Filter>
    </ClCompile>
    <ClCompile Include="map.cpp">
      <Filter>Source Files</Filter>
    </ClCompile>
    <ClCompile Include="menuWidget.cpp">
      <Filter>Source Files</Filter>
    </ClCompile>
    <ClCompile Include="monster.cpp">
      <Filter>Source Files</Filter>
    </ClCompile>
    <ClCompile Include="monsterSpawner.cpp">
      <Filter>Source Files</Filter>
    </ClCompile>
    <ClCompile Include="pauseDialog.cpp">
      <Filter>Source Files</Filter>
    </ClCompile>
    <ClCompile Include="player.cpp">
      <Filter>Source Files</Filter>
    </ClCompile>
    <ClCompile Include="playerUI.cpp">
      <Filter>Source Files</Filter>
    </ClCompile>
    <ClCompile Include="previewtower.cpp">
      <Filter>Source Files</Filter>
    </ClCompile>
    <ClCompile Include="resource.cpp">
      <Filter>Source Files</Filter>
    </ClCompile>
    <ClCompile Include="resourcemanager.cpp">
      <Filter>Source Files</Filter>
    </ClCompile>
    <ClCompile Include="settingsWidget.cpp">
      <Filter>Source Files</Filter>
    </ClCompile>
    <ClCompile Include="tower.cpp">
      <Filter>Source Files</Filter>
    </ClCompile>
    <ClCompile Include="towerButton.cpp">
      <Filter>Source Files</Filter>
    </ClCompile>
    <ClCompile Include="gameOverDialog.cpp">
      <Filter>Source Files</Filter>
    </ClCompile>
    <ClCompile Include="playerbase.cpp">
      <Filter>Source Files</Filter>
    </ClCompile>
    <ClCompile Include="EncyclopediaData.cpp">
      <Filter>Source Files</Filter>
    </ClCompile>
    <ClCompile Include="EncyclopediaDialog.cpp">
      <Filter>Source Files</Filter>
    </ClCompile>
    <ClCompile Include="flymonsters.cpp">
      <Filter>Source Files</Filter>
    </ClCompile>
    <ClCompile Include="normalmonster.cpp">
      <Filter>Source Files</Filter>
    </ClCompile>
    <ClCompile Include="audiomanager.cpp">
      <Filter>Source Files</Filter>
    </ClCompile>
  </ItemGroup>
  <ItemGroup>
    <QtMoc Include="buildmanager.h">
      <Filter>Source Files</Filter>
    </QtMoc>
    <QtMoc Include="bullet.h">
      <Filter>Source Files</Filter>
    </QtMoc>
    <QtMoc Include="bulletmanager.h">
      <Filter>Source Files</Filter>
    </QtMoc>
    <QtMoc Include="gameWidget.h">
      <Filter>Source Files</Filter>
    </QtMoc>
    <QtMoc Include="menuWidget.h">
      <Filter>Source Files</Filter>
    </QtMoc>
    <QtMoc Include="monster.h">
      <Filter>Source Files</Filter>
    </QtMoc>
    <QtMoc Include="monsterSpawner.h">
      <Filter>Source Files</Filter>
    </QtMoc>
    <QtMoc Include="pauseDialog.h">
      <Filter>Source Files</Filter>
    </QtMoc>
    <QtMoc Include="player.h">
      <Filter>Source Files</Filter>
    </QtMoc>
    <QtMoc Include="playerUI.h">
      <Filter>Source Files</Filter>
    </QtMoc>
    <QtMoc Include="resource.h">
      <Filter>Source Files</Filter>
    </QtMoc>
    <QtMoc Include="resourcemanager.h">
      <Filter>Source Files</Filter>
    </QtMoc>
    <QtMoc Include="saveConflictWidget.h">
      <Filter>Source Files</Filter>
    </QtMoc>
    <QtMoc Include="settingsWidget.h">
      <Filter>Source Files</Filter>
    </QtMoc>
    <QtMoc Include="tower.h">
      <Filter>Source Files</Filter>
    </QtMoc>
    <QtMoc Include="towerButton.h">
      <Filter>Source Files</Filter>
    </QtMoc>
    <QtMoc Include="gameOverDialog.h">
      <Filter>Source Files</Filter>
    </QtMoc>
    <QtMoc Include="playerbase.h">
      <Filter>Source Files</Filter>
    </QtMoc>
    <QtMoc Include="explorationmarker.h">
      <Filter>Header Files</Filter>
    </QtMoc>
    <QtMoc Include="gameSaveData.h">
      <Filter>Header Files</Filter>
    </QtMoc>
    <QtMoc Include="structVector.h">
      <Filter>Header Files</Filter>
    </QtMoc>
    <QtMoc Include="EncyclopediaDialog.h">
      <Filter>Source Files</Filter>
    </QtMoc>
    <QtMoc Include="flymonsters.h">
      <Filter>Source Files</Filter>
    </QtMoc>
    <QtMoc Include="normalmonster.h">
      <Filter>Source Files</Filter>
    </QtMoc>
    <QtMoc Include="areadamagebullet.h">
      <Filter>Source Files</Filter>
    </QtMoc>
    <QtMoc Include="audiomanager.h">
      <Filter>Source Files</Filter>
    </QtMoc>
  </ItemGroup>
  <ItemGroup>
    <ClInclude Include="utils.h">
      <Filter>Source Files</Filter>
    </ClInclude>
    <ClInclude Include="EncyclopediaData.h">
      <Filter>Source Files</Filter>
    </ClInclude>
    <ClInclude Include="map.h">
      <Filter>Header Files</Filter>
    </ClInclude>
    <ClInclude Include="global.h">
      <Filter>Header Files</Filter>
    </ClInclude>
    <ClInclude Include="previewtower.h">
      <Filter>Header Files</Filter>
    </ClInclude>
  </ItemGroup>
  <ItemGroup>
    <QtUic Include="gameWidget.ui">
      <Filter>Source Files</Filter>
    </QtUic>
    <QtUic Include="menuWidget.ui">
      <Filter>Source Files</Filter>
    </QtUic>
    <QtUic Include="pauseDialog.ui">
      <Filter>Source Files</Filter>
    </QtUic>
  </ItemGroup>
  <ItemGroup>
    <QtRcc Include="png.qrc">
      <Filter>Source Files</Filter>
    </QtRcc>
    <QtRcc Include="music.qrc">
      <Filter>Source Files</Filter>
    </QtRcc>
  </ItemGroup>
  <ItemGroup>
    <Text Include="tileLayer.txt">
      <Filter>Source Files</Filter>
    </Text>
    <Text Include="tileState.txt">
      <Filter>Source Files</Filter>
    </Text>
  </ItemGroup>
</Project>