<Solution>
  <Configurations>
    <Platform Name="x64" />
    <Platform Name="x86" />
  </Configurations>
  <Project Path="ConsoleApplication1/ConsoleApplication1.vcxproj" Id="42f687f9-d71b-4464-bb3f-bdeee31e102c" />
  <Project Path="ConsoleApplication10/ConsoleApplication10.vcxproj" Id="e13fa78f-1f8d-4843-ab42-7f54e52f11de" />
  <Project Path="ConsoleApplication2/ConsoleApplication2.vcxproj" Id="9722050f-b9d1-46ac-97c9-f3007eedc3ac" />
  <Project Path="ConsoleApplication3/ConsoleApplication3.vcxproj" Id="84e81731-b91a-437b-9abf-406cad71aa44" />
  <Project Path="ConsoleApplication4/ConsoleApplication4.vcxproj" Id="7ee6082c-1e8f-4b6b-be42-805663eff6b7" />
  <Project Path="ConsoleApplication5/ConsoleApplication5.vcxproj" Id="e1b6c3ae-cd9d-4f80-8ea7-2e9694c87c30" />
  <Project Path="ConsoleApplication6/ConsoleApplication6.vcxproj" Id="cad3c6df-5408-4bbc-8850-b17293381b76" />
  <Project Path="ConsoleApplication7/ConsoleApplication7.vcxproj" Id="3ba917ea-c9ef-49ff-9cec-37ea140fe468" />
  <Project Path="ConsoleApplication8/ConsoleApplication8.vcxproj" Id="c3193966-d4ec-4bb4-aa70-da0a9aedf65b" />
  <Project Path="ConsoleApplication9/ConsoleApplication9.vcxproj" Id="2d1d6c1e-1fbc-4f00-8de4-d5f5506e3dc5" />
</Solution>
