
Microsoft Visual Studio Solution File, Format Version 12.00
# Visual Studio Version 17
VisualStudioVersion = 17.14.36511.14
MinimumVisualStudioVersion = 10.0.40219.1
Project("{8BC9CEB8-8B4A-11D0-8D11-00A0C91BC942}") = "Lab", "Lab\Lab.vcxproj", "{80226132-9E00-4206-87C4-655C0755BC16}"
EndProject
Project("{8BC9CEB8-8B4A-11D0-8D11-00A0C91BC942}") = "LabHW3.7", "LabHW3.7\LabHW3.7.vcxproj", "{9FDF5D0F-1748-4BC9-B9F8-FEF498977A6C}"
EndProject
Project("{8BC9CEB8-8B4A-11D0-8D11-00A0C91BC942}") = "LabHW3.13", "LabHW3.13\LabHW3.13.vcxproj", "{CBCCFD9A-0C42-414C-BAF4-4C1A83767639}"
EndProject
Project("{8BC9CEB8-8B4A-11D0-8D11-00A0C91BC942}") = "LabHW3.15", "LabHW3.15\LabHW3.15.vcxproj", "{27BF0C40-654C-49EA-BFF3-862F227C5F45}"
EndProject
Project("{8BC9CEB8-8B4A-11D0-8D11-00A0C91BC942}") = "LabHW3.10", "LabHW3.5\LabHW3.5.vcxproj", "{C22F07C0-BADF-4C7A-924D-5730A0564856}"
EndProject
Project("{8BC9CEB8-8B4A-11D0-8D11-00A0C91BC942}") = "LabHW3.9", "LabHW3.9\LabHW3.9.vcxproj", "{9B469582-C843-4CF0-A7D9-76D87EE745CA}"
EndProject
Project("{8BC9CEB8-8B4A-11D0-8D11-00A0C91BC942}") = "Lab4.10", "Lab4.10\Lab4.10.vcxproj", "{B7CC0895-33D4-49E1-AF5B-4B4483E9B134}"
EndProject
Project("{8BC9CEB8-8B4A-11D0-8D11-00A0C91BC942}") = "Lab3practice1", "Lab3practice1\Lab3practice1.vcxproj", "{1FF6D3E7-EC27-40B5-A74E-74149B371809}"
EndProject
Project("{8BC9CEB8-8B4A-11D0-8D11-00A0C91BC942}") = "Lab4.13", "Lab4.13\Lab4.13.vcxproj", "{3B443017-5D5C-4FA9-AD98-EAF40050F454}"
EndProject
Project("{8BC9CEB8-8B4A-11D0-8D11-00A0C91BC942}") = "Lab4.19", "Lab4.19\Lab4.19.vcxproj", "{CA8DDDB0-3CCD-445E-B7B4-B8489E83012B}"
EndProject
Project("{8BC9CEB8-8B4A-11D0-8D11-00A0C91BC942}") = "Lab4.16", "Lab4.16\Lab4.16.vcxproj", "{9571CEFD-C4D7-47D1-AF40-B09D7FB63619}"
EndProject
Project("{8BC9CEB8-8B4A-11D0-8D11-00A0C91BC942}") = "Lab4.20", "Lab4.20\Lab4.20.vcxproj", "{159189E9-59D1-45E7-99FD-45452DF82331}"
EndProject
Global
	GlobalSection(SolutionConfigurationPlatforms) = preSolution
		Debug|x64 = Debug|x64
		Debug|x86 = Debug|x86
		Release|x64 = Release|x64
		Release|x86 = Release|x86
	EndGlobalSection
	GlobalSection(ProjectConfigurationPlatforms) = postSolution
		{80226132-9E00-4206-87C4-655C0755BC16}.Debug|x64.ActiveCfg = Debug|x64
		{80226132-9E00-4206-87C4-655C0755BC16}.Debug|x64.Build.0 = Debug|x64
		{80226132-9E00-4206-87C4-655C0755BC16}.Debug|x86.ActiveCfg = Debug|Win32
		{80226132-9E00-4206-87C4-655C0755BC16}.Debug|x86.Build.0 = Debug|Win32
		{80226132-9E00-4206-87C4-655C0755BC16}.Release|x64.ActiveCfg = Release|x64
		{80226132-9E00-4206-87C4-655C0755BC16}.Release|x64.Build.0 = Release|x64
		{80226132-9E00-4206-87C4-655C0755BC16}.Release|x86.ActiveCfg = Release|Win32
		{80226132-9E00-4206-87C4-655C0755BC16}.Release|x86.Build.0 = Release|Win32
		{9FDF5D0F-1748-4BC9-B9F8-FEF498977A6C}.Debug|x64.ActiveCfg = Debug|x64
		{9FDF5D0F-1748-4BC9-B9F8-FEF498977A6C}.Debug|x64.Build.0 = Debug|x64
		{9FDF5D0F-1748-4BC9-B9F8-FEF498977A6C}.Debug|x86.ActiveCfg = Debug|Win32
		{9FDF5D0F-1748-4BC9-B9F8-FEF498977A6C}.Debug|x86.Build.0 = Debug|Win32
		{9FDF5D0F-1748-4BC9-B9F8-FEF498977A6C}.Release|x64.ActiveCfg = Release|x64
		{9FDF5D0F-1748-4BC9-B9F8-FEF498977A6C}.Release|x64.Build.0 = Release|x64
		{9FDF5D0F-1748-4BC9-B9F8-FEF498977A6C}.Release|x86.ActiveCfg = Release|Win32
		{9FDF5D0F-1748-4BC9-B9F8-FEF498977A6C}.Release|x86.Build.0 = Release|Win32
		{CBCCFD9A-0C42-414C-BAF4-4C1A83767639}.Debug|x64.ActiveCfg = Debug|x64
		{CBCCFD9A-0C42-414C-BAF4-4C1A83767639}.Debug|x64.Build.0 = Debug|x64
		{CBCCFD9A-0C42-414C-BAF4-4C1A83767639}.Debug|x86.ActiveCfg = Debug|Win32
		{CBCCFD9A-0C42-414C-BAF4-4C1A83767639}.Debug|x86.Build.0 = Debug|Win32
		{CBCCFD9A-0C42-414C-BAF4-4C1A83767639}.Release|x64.ActiveCfg = Release|x64
		{CBCCFD9A-0C42-414C-BAF4-4C1A83767639}.Release|x64.Build.0 = Release|x64
		{CBCCFD9A-0C42-414C-BAF4-4C1A83767639}.Release|x86.ActiveCfg = Release|Win32
		{CBCCFD9A-0C42-414C-BAF4-4C1A83767639}.Release|x86.Build.0 = Release|Win32
		{27BF0C40-654C-49EA-BFF3-862F227C5F45}.Debug|x64.ActiveCfg = Debug|x64
		{27BF0C40-654C-49EA-BFF3-862F227C5F45}.Debug|x64.Build.0 = Debug|x64
		{27BF0C40-654C-49EA-BFF3-862F227C5F45}.Debug|x86.ActiveCfg = Debug|Win32
		{27BF0C40-654C-49EA-BFF3-862F227C5F45}.Debug|x86.Build.0 = Debug|Win32
		{27BF0C40-654C-49EA-BFF3-862F227C5F45}.Release|x64.ActiveCfg = Release|x64
		{27BF0C40-654C-49EA-BFF3-862F227C5F45}.Release|x64.Build.0 = Release|x64
		{27BF0C40-654C-49EA-BFF3-862F227C5F45}.Release|x86.ActiveCfg = Release|Win32
		{27BF0C40-654C-49EA-BFF3-862F227C5F45}.Release|x86.Build.0 = Release|Win32
		{C22F07C0-BADF-4C7A-924D-5730A0564856}.Debug|x64.ActiveCfg = Debug|x64
		{C22F07C0-BADF-4C7A-924D-5730A0564856}.Debug|x64.Build.0 = Debug|x64
		{C22F07C0-BADF-4C7A-924D-5730A0564856}.Debug|x86.ActiveCfg = Debug|Win32
		{C22F07C0-BADF-4C7A-924D-5730A0564856}.Debug|x86.Build.0 = Debug|Win32
		{C22F07C0-BADF-4C7A-924D-5730A0564856}.Release|x64.ActiveCfg = Release|x64
		{C22F07C0-BADF-4C7A-924D-5730A0564856}.Release|x64.Build.0 = Release|x64
		{C22F07C0-BADF-4C7A-924D-5730A0564856}.Release|x86.ActiveCfg = Release|Win32
		{C22F07C0-BADF-4C7A-924D-5730A0564856}.Release|x86.Build.0 = Release|Win32
		{9B469582-C843-4CF0-A7D9-76D87EE745CA}.Debug|x64.ActiveCfg = Debug|x64
		{9B469582-C843-4CF0-A7D9-76D87EE745CA}.Debug|x64.Build.0 = Debug|x64
		{9B469582-C843-4CF0-A7D9-76D87EE745CA}.Debug|x86.ActiveCfg = Debug|Win32
		{9B469582-C843-4CF0-A7D9-76D87EE745CA}.Debug|x86.Build.0 = Debug|Win32
		{9B469582-C843-4CF0-A7D9-76D87EE745CA}.Release|x64.ActiveCfg = Release|x64
		{9B469582-C843-4CF0-A7D9-76D87EE745CA}.Release|x64.Build.0 = Release|x64
		{9B469582-C843-4CF0-A7D9-76D87EE745CA}.Release|x86.ActiveCfg = Release|Win32
		{9B469582-C843-4CF0-A7D9-76D87EE745CA}.Release|x86.Build.0 = Release|Win32
		{B7CC0895-33D4-49E1-AF5B-4B4483E9B134}.Debug|x64.ActiveCfg = Debug|x64
		{B7CC0895-33D4-49E1-AF5B-4B4483E9B134}.Debug|x64.Build.0 = Debug|x64
		{B7CC0895-33D4-49E1-AF5B-4B4483E9B134}.Debug|x86.ActiveCfg = Debug|Win32
		{B7CC0895-33D4-49E1-AF5B-4B4483E9B134}.Debug|x86.Build.0 = Debug|Win32
		{B7CC0895-33D4-49E1-AF5B-4B4483E9B134}.Release|x64.ActiveCfg = Release|x64
		{B7CC0895-33D4-49E1-AF5B-4B4483E9B134}.Release|x64.Build.0 = Release|x64
		{B7CC0895-33D4-49E1-AF5B-4B4483E9B134}.Release|x86.ActiveCfg = Release|Win32
		{B7CC0895-33D4-49E1-AF5B-4B4483E9B134}.Release|x86.Build.0 = Release|Win32
		{1FF6D3E7-EC27-40B5-A74E-74149B371809}.Debug|x64.ActiveCfg = Debug|x64
		{1FF6D3E7-EC27-40B5-A74E-74149B371809}.Debug|x64.Build.0 = Debug|x64
		{1FF6D3E7-EC27-40B5-A74E-74149B371809}.Debug|x86.ActiveCfg = Debug|Win32
		{1FF6D3E7-EC27-40B5-A74E-74149B371809}.Debug|x86.Build.0 = Debug|Win32
		{1FF6D3E7-EC27-40B5-A74E-74149B371809}.Release|x64.ActiveCfg = Release|x64
		{1FF6D3E7-EC27-40B5-A74E-74149B371809}.Release|x64.Build.0 = Release|x64
		{1FF6D3E7-EC27-40B5-A74E-74149B371809}.Release|x86.ActiveCfg = Release|Win32
		{1FF6D3E7-EC27-40B5-A74E-74149B371809}.Release|x86.Build.0 = Release|Win32
		{3B443017-5D5C-4FA9-AD98-EAF40050F454}.Debug|x64.ActiveCfg = Debug|x64
		{3B443017-5D5C-4FA9-AD98-EAF40050F454}.Debug|x64.Build.0 = Debug|x64
		{3B443017-5D5C-4FA9-AD98-EAF40050F454}.Debug|x86.ActiveCfg = Debug|Win32
		{3B443017-5D5C-4FA9-AD98-EAF40050F454}.Debug|x86.Build.0 = Debug|Win32
		{3B443017-5D5C-4FA9-AD98-EAF40050F454}.Release|x64.ActiveCfg = Release|x64
		{3B443017-5D5C-4FA9-AD98-EAF40050F454}.Release|x64.Build.0 = Release|x64
		{3B443017-5D5C-4FA9-AD98-EAF40050F454}.Release|x86.ActiveCfg = Release|Win32
		{3B443017-5D5C-4FA9-AD98-EAF40050F454}.Release|x86.Build.0 = Release|Win32
		{CA8DDDB0-3CCD-445E-B7B4-B8489E83012B}.Debug|x64.ActiveCfg = Debug|x64
		{CA8DDDB0-3CCD-445E-B7B4-B8489E83012B}.Debug|x64.Build.0 = Debug|x64
		{CA8DDDB0-3CCD-445E-B7B4-B8489E83012B}.Debug|x86.ActiveCfg = Debug|Win32
		{CA8DDDB0-3CCD-445E-B7B4-B8489E83012B}.Debug|x86.Build.0 = Debug|Win32
		{CA8DDDB0-3CCD-445E-B7B4-B8489E83012B}.Release|x64.ActiveCfg = Release|x64
		{CA8DDDB0-3CCD-445E-B7B4-B8489E83012B}.Release|x64.Build.0 = Release|x64
		{CA8DDDB0-3CCD-445E-B7B4-B8489E83012B}.Release|x86.ActiveCfg = Release|Win32
		{CA8DDDB0-3CCD-445E-B7B4-B8489E83012B}.Release|x86.Build.0 = Release|Win32
		{9571CEFD-C4D7-47D1-AF40-B09D7FB63619}.Debug|x64.ActiveCfg = Debug|x64
		{9571CEFD-C4D7-47D1-AF40-B09D7FB63619}.Debug|x64.Build.0 = Debug|x64
		{9571CEFD-C4D7-47D1-AF40-B09D7FB63619}.Debug|x86.ActiveCfg = Debug|Win32
		{9571CEFD-C4D7-47D1-AF40-B09D7FB63619}.Debug|x86.Build.0 = Debug|Win32
		{9571CEFD-C4D7-47D1-AF40-B09D7FB63619}.Release|x64.ActiveCfg = Release|x64
		{9571CEFD-C4D7-47D1-AF40-B09D7FB63619}.Release|x64.Build.0 = Release|x64
		{9571CEFD-C4D7-47D1-AF40-B09D7FB63619}.Release|x86.ActiveCfg = Release|Win32
		{9571CEFD-C4D7-47D1-AF40-B09D7FB63619}.Release|x86.Build.0 = Release|Win32
		{159189E9-59D1-45E7-99FD-45452DF82331}.Debug|x64.ActiveCfg = Debug|x64
		{159189E9-59D1-45E7-99FD-45452DF82331}.Debug|x64.Build.0 = Debug|x64
		{159189E9-59D1-45E7-99FD-45452DF82331}.Debug|x86.ActiveCfg = Debug|Win32
		{159189E9-59D1-45E7-99FD-45452DF82331}.Debug|x86.Build.0 = Debug|Win32
		{159189E9-59D1-45E7-99FD-45452DF82331}.Release|x64.ActiveCfg = Release|x64
		{159189E9-59D1-45E7-99FD-45452DF82331}.Release|x64.Build.0 = Release|x64
		{159189E9-59D1-45E7-99FD-45452DF82331}.Release|x86.ActiveCfg = Release|Win32
		{159189E9-59D1-45E7-99FD-45452DF82331}.Release|x86.Build.0 = Release|Win32
	EndGlobalSection
	GlobalSection(SolutionProperties) = preSolution
		HideSolutionNode = FALSE
	EndGlobalSection
	GlobalSection(ExtensibilityGlobals) = postSolution
		SolutionGuid = {A5998376-B050-43B6-9BDF-21D08036567A}
	EndGlobalSection
EndGlobal
