<Solution>
  <Configurations>
    <Platform Name="x64" />
    <Platform Name="x86" />
  </Configurations>
  <Project Path="textbookchap11quiz11-3/textbookchap11quiz11-3.vcxproj" Id="b038ab34-6be6-425e-a6bb-323fb026ba0b" />
  <Project Path="textbookchap11quiz11-4/textbookchap11quiz11-4.vcxproj" Id="89765a06-67d5-4057-b9bc-7e22ba8a6bbc" />
  <Project Path="textbookchap11quiz11-6/textbookchap11quiz11-6.vcxproj" Id="2c999103-031a-4193-acc4-431ea0a33862" />
  <Project Path="textbookchap11quiz11-8/textbookchap11quiz11-8.vcxproj" Id="8bbdfe2f-0843-41eb-9387-53eb42601b9f" />
  <Project Path="textbookchap11quiz11-9/textbookchap11quiz11-9.vcxproj" Id="26ad1fb9-5cd6-4588-a213-fa78802194e8" />
</Solution>
