
Microsoft Visual Studio Solution File, Format Version 12.00
# Visual Studio Version 18
VisualStudioVersion = 18.1.11312.151 d18.0
MinimumVisualStudioVersion = 10.0.40219.1
Project("{8BC9CEB8-8B4A-11D0-8D11-00A0C91BC942}") = "Chap1PreLearning", "SelfProgramLearning\SelfProgramLearning.vcxproj", "{CDAAB835-D85B-4C9E-8ACE-1CA13E7A2520}"
EndProject
Project("{8BC9CEB8-8B4A-11D0-8D11-00A0C91BC942}") = "Chap1Project2", "Chap1Project2\Chap1Project2.vcxproj", "{3ADC2420-4C5F-43C9-B01C-535D8286099E}"
EndProject
Project("{8BC9CEB8-8B4A-11D0-8D11-00A0C91BC942}") = "Chap1Project3", "Chap1Project3\Chap1Project3.vcxproj", "{363890EE-FB24-4004-8BAB-178619D67CC3}"
EndProject
Project("{8BC9CEB8-8B4A-11D0-8D11-00A0C91BC942}") = "Chap2Practice1", "Chap2PrePractice\Chap2PrePractice.vcxproj", "{0CC0DD2B-8959-4D64-AED9-7D5102CE07DD}"
EndProject
Project("{8BC9CEB8-8B4A-11D0-8D11-00A0C91BC942}") = "Chap2Practice2", "Chap2Practice2\Chap2Practice2.vcxproj", "{40A9C790-FAF8-4079-97C0-E4850F33C880}"
EndProject
Project("{8BC9CEB8-8B4A-11D0-8D11-00A0C91BC942}") = "Chap4Class1", "Chap3Class\Chap3Class.vcxproj", "{7393BC23-F3D8-4B89-8665-4D3D6BF1F820}"
EndProject
Project("{8BC9CEB8-8B4A-11D0-8D11-00A0C91BC942}") = "Chap3Function", "Chap3Function\Chap3Function.vcxproj", "{1C0C4F89-3E5E-41FD-B823-3C038DE64194}"
EndProject
Project("{8BC9CEB8-8B4A-11D0-8D11-00A0C91BC942}") = "Chap4Class2", "Chap4Class2\Chap4Class2.vcxproj", "{07BE9BA2-F15F-4BD5-91C5-43436F0E5AD4}"
EndProject
Project("{8BC9CEB8-8B4A-11D0-8D11-00A0C91BC942}") = "Chap4Class3", "Chap4Class3\Chap4Class3.vcxproj", "{60F3540D-5585-4307-B073-43B79920DD1C}"
EndProject
Project("{8BC9CEB8-8B4A-11D0-8D11-00A0C91BC942}") = "Notesum1", "Notesum1\Notesum1.vcxproj", "{72EB21FB-BEBC-4E63-8BAB-1699F6F2C040}"
EndProject
Project("{8BC9CEB8-8B4A-11D0-8D11-00A0C91BC942}") = "Chap5project1", "Chap5project1\Chap5project1.vcxproj", "{BAEC188C-8B4A-4D61-896C-D6AB77F587AC}"
EndProject
Project("{8BC9CEB8-8B4A-11D0-8D11-00A0C91BC942}") = "Chap6Project1", "Chap6Project1\Chap6Project1.vcxproj", "{931BD423-FF5B-4E2B-A662-D4FA4124AC36}"
EndProject
Project("{8BC9CEB8-8B4A-11D0-8D11-00A0C91BC942}") = "Chap7Project1", "Chap7Project1\Chap7Project1.vcxproj", "{E3949B4E-C527-4DD1-B726-C421C7F0174B}"
EndProject
Project("{8BC9CEB8-8B4A-11D0-8D11-00A0C91BC942}") = "Chap9", "Chap9\Chap9.vcxproj", "{2ECA970C-F5EB-403C-8EC7-EF644BD1896A}"
EndProject
Project("{8BC9CEB8-8B4A-11D0-8D11-00A0C91BC942}") = "chap7test", "chap7test\chap7test.vcxproj", "{8F77CDF8-A75A-4E3C-9CA9-2C96AD9CE4C9}"
EndProject
Project("{8BC9CEB8-8B4A-11D0-8D11-00A0C91BC942}") = "chap8", "chap8\chap8.vcxproj", "{C46A81F1-7A43-426B-976E-43BCC1D25997}"
EndProject
Global
	GlobalSection(SolutionConfigurationPlatforms) = preSolution
		Debug|x64 = Debug|x64
		Debug|x86 = Debug|x86
		Release|x64 = Release|x64
		Release|x86 = Release|x86
	EndGlobalSection
	GlobalSection(ProjectConfigurationPlatforms) = postSolution
		{CDAAB835-D85B-4C9E-8ACE-1CA13E7A2520}.Debug|x64.ActiveCfg = Debug|x64
		{CDAAB835-D85B-4C9E-8ACE-1CA13E7A2520}.Debug|x64.Build.0 = Debug|x64
		{CDAAB835-D85B-4C9E-8ACE-1CA13E7A2520}.Debug|x86.ActiveCfg = Debug|Win32
		{CDAAB835-D85B-4C9E-8ACE-1CA13E7A2520}.Debug|x86.Build.0 = Debug|Win32
		{CDAAB835-D85B-4C9E-8ACE-1CA13E7A2520}.Release|x64.ActiveCfg = Release|x64
		{CDAAB835-D85B-4C9E-8ACE-1CA13E7A2520}.Release|x64.Build.0 = Release|x64
		{CDAAB835-D85B-4C9E-8ACE-1CA13E7A2520}.Release|x86.ActiveCfg = Release|Win32
		{CDAAB835-D85B-4C9E-8ACE-1CA13E7A2520}.Release|x86.Build.0 = Release|Win32
		{3ADC2420-4C5F-43C9-B01C-535D8286099E}.Debug|x64.ActiveCfg = Debug|x64
		{3ADC2420-4C5F-43C9-B01C-535D8286099E}.Debug|x64.Build.0 = Debug|x64
		{3ADC2420-4C5F-43C9-B01C-535D8286099E}.Debug|x86.ActiveCfg = Debug|Win32
		{3ADC2420-4C5F-43C9-B01C-535D8286099E}.Debug|x86.Build.0 = Debug|Win32
		{3ADC2420-4C5F-43C9-B01C-535D8286099E}.Release|x64.ActiveCfg = Release|x64
		{3ADC2420-4C5F-43C9-B01C-535D8286099E}.Release|x64.Build.0 = Release|x64
		{3ADC2420-4C5F-43C9-B01C-535D8286099E}.Release|x86.ActiveCfg = Release|Win32
		{3ADC2420-4C5F-43C9-B01C-535D8286099E}.Release|x86.Build.0 = Release|Win32
		{363890EE-FB24-4004-8BAB-178619D67CC3}.Debug|x64.ActiveCfg = Debug|x64
		{363890EE-FB24-4004-8BAB-178619D67CC3}.Debug|x64.Build.0 = Debug|x64
		{363890EE-FB24-4004-8BAB-178619D67CC3}.Debug|x86.ActiveCfg = Debug|Win32
		{363890EE-FB24-4004-8BAB-178619D67CC3}.Debug|x86.Build.0 = Debug|Win32
		{363890EE-FB24-4004-8BAB-178619D67CC3}.Release|x64.ActiveCfg = Release|x64
		{363890EE-FB24-4004-8BAB-178619D67CC3}.Release|x64.Build.0 = Release|x64
		{363890EE-FB24-4004-8BAB-178619D67CC3}.Release|x86.ActiveCfg = Release|Win32
		{363890EE-FB24-4004-8BAB-178619D67CC3}.Release|x86.Build.0 = Release|Win32
		{0CC0DD2B-8959-4D64-AED9-7D5102CE07DD}.Debug|x64.ActiveCfg = Debug|x64
		{0CC0DD2B-8959-4D64-AED9-7D5102CE07DD}.Debug|x64.Build.0 = Debug|x64
		{0CC0DD2B-8959-4D64-AED9-7D5102CE07DD}.Debug|x86.ActiveCfg = Debug|Win32
		{0CC0DD2B-8959-4D64-AED9-7D5102CE07DD}.Debug|x86.Build.0 = Debug|Win32
		{0CC0DD2B-8959-4D64-AED9-7D5102CE07DD}.Release|x64.ActiveCfg = Release|x64
		{0CC0DD2B-8959-4D64-AED9-7D5102CE07DD}.Release|x64.Build.0 = Release|x64
		{0CC0DD2B-8959-4D64-AED9-7D5102CE07DD}.Release|x86.ActiveCfg = Release|Win32
		{0CC0DD2B-8959-4D64-AED9-7D5102CE07DD}.Release|x86.Build.0 = Release|Win32
		{40A9C790-FAF8-4079-97C0-E4850F33C880}.Debug|x64.ActiveCfg = Debug|x64
		{40A9C790-FAF8-4079-97C0-E4850F33C880}.Debug|x64.Build.0 = Debug|x64
		{40A9C790-FAF8-4079-97C0-E4850F33C880}.Debug|x86.ActiveCfg = Debug|Win32
		{40A9C790-FAF8-4079-97C0-E4850F33C880}.Debug|x86.Build.0 = Debug|Win32
		{40A9C790-FAF8-4079-97C0-E4850F33C880}.Release|x64.ActiveCfg = Release|x64
		{40A9C790-FAF8-4079-97C0-E4850F33C880}.Release|x64.Build.0 = Release|x64
		{40A9C790-FAF8-4079-97C0-E4850F33C880}.Release|x86.ActiveCfg = Release|Win32
		{40A9C790-FAF8-4079-97C0-E4850F33C880}.Release|x86.Build.0 = Release|Win32
		{7393BC23-F3D8-4B89-8665-4D3D6BF1F820}.Debug|x64.ActiveCfg = Debug|x64
		{7393BC23-F3D8-4B89-8665-4D3D6BF1F820}.Debug|x64.Build.0 = Debug|x64
		{7393BC23-F3D8-4B89-8665-4D3D6BF1F820}.Debug|x86.ActiveCfg = Debug|Win32
		{7393BC23-F3D8-4B89-8665-4D3D6BF1F820}.Debug|x86.Build.0 = Debug|Win32
		{7393BC23-F3D8-4B89-8665-4D3D6BF1F820}.Release|x64.ActiveCfg = Release|x64
		{7393BC23-F3D8-4B89-8665-4D3D6BF1F820}.Release|x64.Build.0 = Release|x64
		{7393BC23-F3D8-4B89-8665-4D3D6BF1F820}.Release|x86.ActiveCfg = Release|Win32
		{7393BC23-F3D8-4B89-8665-4D3D6BF1F820}.Release|x86.Build.0 = Release|Win32
		{1C0C4F89-3E5E-41FD-B823-3C038DE64194}.Debug|x64.ActiveCfg = Debug|x64
		{1C0C4F89-3E5E-41FD-B823-3C038DE64194}.Debug|x64.Build.0 = Debug|x64
		{1C0C4F89-3E5E-41FD-B823-3C038DE64194}.Debug|x86.ActiveCfg = Debug|Win32
		{1C0C4F89-3E5E-41FD-B823-3C038DE64194}.Debug|x86.Build.0 = Debug|Win32
		{1C0C4F89-3E5E-41FD-B823-3C038DE64194}.Release|x64.ActiveCfg = Release|x64
		{1C0C4F89-3E5E-41FD-B823-3C038DE64194}.Release|x64.Build.0 = Release|x64
		{1C0C4F89-3E5E-41FD-B823-3C038DE64194}.Release|x86.ActiveCfg = Release|Win32
		{1C0C4F89-3E5E-41FD-B823-3C038DE64194}.Release|x86.Build.0 = Release|Win32
		{07BE9BA2-F15F-4BD5-91C5-43436F0E5AD4}.Debug|x64.ActiveCfg = Debug|x64
		{07BE9BA2-F15F-4BD5-91C5-43436F0E5AD4}.Debug|x64.Build.0 = Debug|x64
		{07BE9BA2-F15F-4BD5-91C5-43436F0E5AD4}.Debug|x86.ActiveCfg = Debug|Win32
		{07BE9BA2-F15F-4BD5-91C5-43436F0E5AD4}.Debug|x86.Build.0 = Debug|Win32
		{07BE9BA2-F15F-4BD5-91C5-43436F0E5AD4}.Release|x64.ActiveCfg = Release|x64
		{07BE9BA2-F15F-4BD5-91C5-43436F0E5AD4}.Release|x64.Build.0 = Release|x64
		{07BE9BA2-F15F-4BD5-91C5-43436F0E5AD4}.Release|x86.ActiveCfg = Release|Win32
		{07BE9BA2-F15F-4BD5-91C5-43436F0E5AD4}.Release|x86.Build.0 = Release|Win32
		{60F3540D-5585-4307-B073-43B79920DD1C}.Debug|x64.ActiveCfg = Debug|x64
		{60F3540D-5585-4307-B073-43B79920DD1C}.Debug|x64.Build.0 = Debug|x64
		{60F3540D-5585-4307-B073-43B79920DD1C}.Debug|x86.ActiveCfg = Debug|Win32
		{60F3540D-5585-4307-B073-43B79920DD1C}.Debug|x86.Build.0 = Debug|Win32
		{60F3540D-5585-4307-B073-43B79920DD1C}.Release|x64.ActiveCfg = Release|x64
		{60F3540D-5585-4307-B073-43B79920DD1C}.Release|x64.Build.0 = Release|x64
		{60F3540D-5585-4307-B073-43B79920DD1C}.Release|x86.ActiveCfg = Release|Win32
		{60F3540D-5585-4307-B073-43B79920DD1C}.Release|x86.Build.0 = Release|Win32
		{72EB21FB-BEBC-4E63-8BAB-1699F6F2C040}.Debug|x64.ActiveCfg = Debug|x64
		{72EB21FB-BEBC-4E63-8BAB-1699F6F2C040}.Debug|x64.Build.0 = Debug|x64
		{72EB21FB-BEBC-4E63-8BAB-1699F6F2C040}.Debug|x86.ActiveCfg = Debug|Win32
		{72EB21FB-BEBC-4E63-8BAB-1699F6F2C040}.Debug|x86.Build.0 = Debug|Win32
		{72EB21FB-BEBC-4E63-8BAB-1699F6F2C040}.Release|x64.ActiveCfg = Release|x64
		{72EB21FB-BEBC-4E63-8BAB-1699F6F2C040}.Release|x64.Build.0 = Release|x64
		{72EB21FB-BEBC-4E63-8BAB-1699F6F2C040}.Release|x86.ActiveCfg = Release|Win32
		{72EB21FB-BEBC-4E63-8BAB-1699F6F2C040}.Release|x86.Build.0 = Release|Win32
		{BAEC188C-8B4A-4D61-896C-D6AB77F587AC}.Debug|x64.ActiveCfg = Debug|x64
		{BAEC188C-8B4A-4D61-896C-D6AB77F587AC}.Debug|x64.Build.0 = Debug|x64
		{BAEC188C-8B4A-4D61-896C-D6AB77F587AC}.Debug|x86.ActiveCfg = Debug|Win32
		{BAEC188C-8B4A-4D61-896C-D6AB77F587AC}.Debug|x86.Build.0 = Debug|Win32
		{BAEC188C-8B4A-4D61-896C-D6AB77F587AC}.Release|x64.ActiveCfg = Release|x64
		{BAEC188C-8B4A-4D61-896C-D6AB77F587AC}.Release|x64.Build.0 = Release|x64
		{BAEC188C-8B4A-4D61-896C-D6AB77F587AC}.Release|x86.ActiveCfg = Release|Win32
		{BAEC188C-8B4A-4D61-896C-D6AB77F587AC}.Release|x86.Build.0 = Release|Win32
		{931BD423-FF5B-4E2B-A662-D4FA4124AC36}.Debug|x64.ActiveCfg = Debug|x64
		{931BD423-FF5B-4E2B-A662-D4FA4124AC36}.Debug|x64.Build.0 = Debug|x64
		{931BD423-FF5B-4E2B-A662-D4FA4124AC36}.Debug|x86.ActiveCfg = Debug|Win32
		{931BD423-FF5B-4E2B-A662-D4FA4124AC36}.Debug|x86.Build.0 = Debug|Win32
		{931BD423-FF5B-4E2B-A662-D4FA4124AC36}.Release|x64.ActiveCfg = Release|x64
		{931BD423-FF5B-4E2B-A662-D4FA4124AC36}.Release|x64.Build.0 = Release|x64
		{931BD423-FF5B-4E2B-A662-D4FA4124AC36}.Release|x86.ActiveCfg = Release|Win32
		{931BD423-FF5B-4E2B-A662-D4FA4124AC36}.Release|x86.Build.0 = Release|Win32
		{E3949B4E-C527-4DD1-B726-C421C7F0174B}.Debug|x64.ActiveCfg = Debug|x64
		{E3949B4E-C527-4DD1-B726-C421C7F0174B}.Debug|x64.Build.0 = Debug|x64
		{E3949B4E-C527-4DD1-B726-C421C7F0174B}.Debug|x86.ActiveCfg = Debug|Win32
		{E3949B4E-C527-4DD1-B726-C421C7F0174B}.Debug|x86.Build.0 = Debug|Win32
		{E3949B4E-C527-4DD1-B726-C421C7F0174B}.Release|x64.ActiveCfg = Release|x64
		{E3949B4E-C527-4DD1-B726-C421C7F0174B}.Release|x64.Build.0 = Release|x64
		{E3949B4E-C527-4DD1-B726-C421C7F0174B}.Release|x86.ActiveCfg = Release|Win32
		{E3949B4E-C527-4DD1-B726-C421C7F0174B}.Release|x86.Build.0 = Release|Win32
		{2ECA970C-F5EB-403C-8EC7-EF644BD1896A}.Debug|x64.ActiveCfg = Debug|x64
		{2ECA970C-F5EB-403C-8EC7-EF644BD1896A}.Debug|x64.Build.0 = Debug|x64
		{2ECA970C-F5EB-403C-8EC7-EF644BD1896A}.Debug|x86.ActiveCfg = Debug|Win32
		{2ECA970C-F5EB-403C-8EC7-EF644BD1896A}.Debug|x86.Build.0 = Debug|Win32
		{2ECA970C-F5EB-403C-8EC7-EF644BD1896A}.Release|x64.ActiveCfg = Release|x64
		{2ECA970C-F5EB-403C-8EC7-EF644BD1896A}.Release|x64.Build.0 = Release|x64
		{2ECA970C-F5EB-403C-8EC7-EF644BD1896A}.Release|x86.ActiveCfg = Release|Win32
		{2ECA970C-F5EB-403C-8EC7-EF644BD1896A}.Release|x86.Build.0 = Release|Win32
		{8F77CDF8-A75A-4E3C-9CA9-2C96AD9CE4C9}.Debug|x64.ActiveCfg = Debug|x64
		{8F77CDF8-A75A-4E3C-9CA9-2C96AD9CE4C9}.Debug|x64.Build.0 = Debug|x64
		{8F77CDF8-A75A-4E3C-9CA9-2C96AD9CE4C9}.Debug|x86.ActiveCfg = Debug|Win32
		{8F77CDF8-A75A-4E3C-9CA9-2C96AD9CE4C9}.Debug|x86.Build.0 = Debug|Win32
		{8F77CDF8-A75A-4E3C-9CA9-2C96AD9CE4C9}.Release|x64.ActiveCfg = Release|x64
		{8F77CDF8-A75A-4E3C-9CA9-2C96AD9CE4C9}.Release|x64.Build.0 = Release|x64
		{8F77CDF8-A75A-4E3C-9CA9-2C96AD9CE4C9}.Release|x86.ActiveCfg = Release|Win32
		{8F77CDF8-A75A-4E3C-9CA9-2C96AD9CE4C9}.Release|x86.Build.0 = Release|Win32
		{C46A81F1-7A43-426B-976E-43BCC1D25997}.Debug|x64.ActiveCfg = Debug|x64
		{C46A81F1-7A43-426B-976E-43BCC1D25997}.Debug|x64.Build.0 = Debug|x64
		{C46A81F1-7A43-426B-976E-43BCC1D25997}.Debug|x86.ActiveCfg = Debug|Win32
		{C46A81F1-7A43-426B-976E-43BCC1D25997}.Debug|x86.Build.0 = Debug|Win32
		{C46A81F1-7A43-426B-976E-43BCC1D25997}.Release|x64.ActiveCfg = Release|x64
		{C46A81F1-7A43-426B-976E-43BCC1D25997}.Release|x64.Build.0 = Release|x64
		{C46A81F1-7A43-426B-976E-43BCC1D25997}.Release|x86.ActiveCfg = Release|Win32
		{C46A81F1-7A43-426B-976E-43BCC1D25997}.Release|x86.Build.0 = Release|Win32
	EndGlobalSection
	GlobalSection(SolutionProperties) = preSolution
		HideSolutionNode = FALSE
	EndGlobalSection
	GlobalSection(ExtensibilityGlobals) = postSolution
		SolutionGuid = {49980680-FB6D-42F3-B480-F4A7EBE3002C}
	EndGlobalSection
EndGlobal
