
Microsoft Visual Studio Solution File, Format Version 12.00
# Visual Studio Version 17
VisualStudioVersion = 17.14.36511.14
MinimumVisualStudioVersion = 10.0.40219.1
Project("{8BC9CEB8-8B4A-11D0-8D11-00A0C91BC942}") = "FunctionHW1", "FunctionHW1\FunctionHW1.vcxproj", "{0EA4F238-A646-4706-8521-B4FEE154CE0A}"
EndProject
Project("{8BC9CEB8-8B4A-11D0-8D11-00A0C91BC942}") = "FunctionHW2", "FunctionHW2\FunctionHW2.vcxproj", "{9AEA104D-D4D3-4F36-8254-147408E1EB92}"
EndProject
Project("{8BC9CEB8-8B4A-11D0-8D11-00A0C91BC942}") = "FunctionHW3", "FunctionHW3\FunctionHW3.vcxproj", "{C7E775F0-0AD7-4553-87B9-038E2EF511BA}"
EndProject
Project("{8BC9CEB8-8B4A-11D0-8D11-00A0C91BC942}") = "FunctionHW4", "FunctionHW4\FunctionHW4.vcxproj", "{544E7816-B622-4EDB-B4E9-F8852337A130}"
EndProject
Project("{8BC9CEB8-8B4A-11D0-8D11-00A0C91BC942}") = "FunctionHW8", "FunctionHW8\FunctionHW8.vcxproj", "{4B880331-2335-4CB0-8A03-2EA4C2360323}"
EndProject
Project("{8BC9CEB8-8B4A-11D0-8D11-00A0C91BC942}") = "FunctionHW5", "FunctionHW5\FunctionHW5.vcxproj", "{0ECC4D0C-BA76-42B3-A8C5-52CC062E631A}"
EndProject
Project("{8BC9CEB8-8B4A-11D0-8D11-00A0C91BC942}") = "FunctionHW6", "FunctionHW6\FunctionHW6.vcxproj", "{73C329A9-88EA-440F-98CA-6F91090F8671}"
EndProject
Project("{8BC9CEB8-8B4A-11D0-8D11-00A0C91BC942}") = "FunctionHW7", "FunctionHW7\FunctionHW7.vcxproj", "{3EF74EE8-92B6-44A9-914F-E6C8C74603FE}"
EndProject
Project("{8BC9CEB8-8B4A-11D0-8D11-00A0C91BC942}") = "FunctionHW9", "FunctionHW9\FunctionHW9.vcxproj", "{A39D9206-024F-4A19-9623-FE50A55DB115}"
EndProject
Project("{8BC9CEB8-8B4A-11D0-8D11-00A0C91BC942}") = "FunctionHW10", "FunctionHW10\FunctionHW10.vcxproj", "{7054889A-C62D-40E8-8A0E-882438083E7A}"
EndProject
Project("{8BC9CEB8-8B4A-11D0-8D11-00A0C91BC942}") = "FunctionHW11", "FunctionHW11\FunctionHW11.vcxproj", "{E6FEA402-6416-429F-B4A0-AFCE8B6B3F02}"
EndProject
Project("{8BC9CEB8-8B4A-11D0-8D11-00A0C91BC942}") = "FunctionHW12", "FunctionHW12\FunctionHW12.vcxproj", "{6DAE436D-10EE-4759-A0C3-AA531D4867D1}"
EndProject
Global
	GlobalSection(SolutionConfigurationPlatforms) = preSolution
		Debug|x64 = Debug|x64
		Debug|x86 = Debug|x86
		Release|x64 = Release|x64
		Release|x86 = Release|x86
	EndGlobalSection
	GlobalSection(ProjectConfigurationPlatforms) = postSolution
		{0EA4F238-A646-4706-8521-B4FEE154CE0A}.Debug|x64.ActiveCfg = Debug|x64
		{0EA4F238-A646-4706-8521-B4FEE154CE0A}.Debug|x64.Build.0 = Debug|x64
		{0EA4F238-A646-4706-8521-B4FEE154CE0A}.Debug|x86.ActiveCfg = Debug|Win32
		{0EA4F238-A646-4706-8521-B4FEE154CE0A}.Debug|x86.Build.0 = Debug|Win32
		{0EA4F238-A646-4706-8521-B4FEE154CE0A}.Release|x64.ActiveCfg = Release|x64
		{0EA4F238-A646-4706-8521-B4FEE154CE0A}.Release|x64.Build.0 = Release|x64
		{0EA4F238-A646-4706-8521-B4FEE154CE0A}.Release|x86.ActiveCfg = Release|Win32
		{0EA4F238-A646-4706-8521-B4FEE154CE0A}.Release|x86.Build.0 = Release|Win32
		{9AEA104D-D4D3-4F36-8254-147408E1EB92}.Debug|x64.ActiveCfg = Debug|x64
		{9AEA104D-D4D3-4F36-8254-147408E1EB92}.Debug|x64.Build.0 = Debug|x64
		{9AEA104D-D4D3-4F36-8254-147408E1EB92}.Debug|x86.ActiveCfg = Debug|Win32
		{9AEA104D-D4D3-4F36-8254-147408E1EB92}.Debug|x86.Build.0 = Debug|Win32
		{9AEA104D-D4D3-4F36-8254-147408E1EB92}.Release|x64.ActiveCfg = Release|x64
		{9AEA104D-D4D3-4F36-8254-147408E1EB92}.Release|x64.Build.0 = Release|x64
		{9AEA104D-D4D3-4F36-8254-147408E1EB92}.Release|x86.ActiveCfg = Release|Win32
		{9AEA104D-D4D3-4F36-8254-147408E1EB92}.Release|x86.Build.0 = Release|Win32
		{C7E775F0-0AD7-4553-87B9-038E2EF511BA}.Debug|x64.ActiveCfg = Debug|x64
		{C7E775F0-0AD7-4553-87B9-038E2EF511BA}.Debug|x64.Build.0 = Debug|x64
		{C7E775F0-0AD7-4553-87B9-038E2EF511BA}.Debug|x86.ActiveCfg = Debug|Win32
		{C7E775F0-0AD7-4553-87B9-038E2EF511BA}.Debug|x86.Build.0 = Debug|Win32
		{C7E775F0-0AD7-4553-87B9-038E2EF511BA}.Release|x64.ActiveCfg = Release|x64
		{C7E775F0-0AD7-4553-87B9-038E2EF511BA}.Release|x64.Build.0 = Release|x64
		{C7E775F0-0AD7-4553-87B9-038E2EF511BA}.Release|x86.ActiveCfg = Release|Win32
		{C7E775F0-0AD7-4553-87B9-038E2EF511BA}.Release|x86.Build.0 = Release|Win32
		{544E7816-B622-4EDB-B4E9-F8852337A130}.Debug|x64.ActiveCfg = Debug|x64
		{544E7816-B622-4EDB-B4E9-F8852337A130}.Debug|x64.Build.0 = Debug|x64
		{544E7816-B622-4EDB-B4E9-F8852337A130}.Debug|x86.ActiveCfg = Debug|Win32
		{544E7816-B622-4EDB-B4E9-F8852337A130}.Debug|x86.Build.0 = Debug|Win32
		{544E7816-B622-4EDB-B4E9-F8852337A130}.Release|x64.ActiveCfg = Release|x64
		{544E7816-B622-4EDB-B4E9-F8852337A130}.Release|x64.Build.0 = Release|x64
		{544E7816-B622-4EDB-B4E9-F8852337A130}.Release|x86.ActiveCfg = Release|Win32
		{544E7816-B622-4EDB-B4E9-F8852337A130}.Release|x86.Build.0 = Release|Win32
		{4B880331-2335-4CB0-8A03-2EA4C2360323}.Debug|x64.ActiveCfg = Debug|x64
		{4B880331-2335-4CB0-8A03-2EA4C2360323}.Debug|x64.Build.0 = Debug|x64
		{4B880331-2335-4CB0-8A03-2EA4C2360323}.Debug|x86.ActiveCfg = Debug|Win32
		{4B880331-2335-4CB0-8A03-2EA4C2360323}.Debug|x86.Build.0 = Debug|Win32
		{4B880331-2335-4CB0-8A03-2EA4C2360323}.Release|x64.ActiveCfg = Release|x64
		{4B880331-2335-4CB0-8A03-2EA4C2360323}.Release|x64.Build.0 = Release|x64
		{4B880331-2335-4CB0-8A03-2EA4C2360323}.Release|x86.ActiveCfg = Release|Win32
		{4B880331-2335-4CB0-8A03-2EA4C2360323}.Release|x86.Build.0 = Release|Win32
		{0ECC4D0C-BA76-42B3-A8C5-52CC062E631A}.Debug|x64.ActiveCfg = Debug|x64
		{0ECC4D0C-BA76-42B3-A8C5-52CC062E631A}.Debug|x64.Build.0 = Debug|x64
		{0ECC4D0C-BA76-42B3-A8C5-52CC062E631A}.Debug|x86.ActiveCfg = Debug|Win32
		{0ECC4D0C-BA76-42B3-A8C5-52CC062E631A}.Debug|x86.Build.0 = Debug|Win32
		{0ECC4D0C-BA76-42B3-A8C5-52CC062E631A}.Release|x64.ActiveCfg = Release|x64
		{0ECC4D0C-BA76-42B3-A8C5-52CC062E631A}.Release|x64.Build.0 = Release|x64
		{0ECC4D0C-BA76-42B3-A8C5-52CC062E631A}.Release|x86.ActiveCfg = Release|Win32
		{0ECC4D0C-BA76-42B3-A8C5-52CC062E631A}.Release|x86.Build.0 = Release|Win32
		{73C329A9-88EA-440F-98CA-6F91090F8671}.Debug|x64.ActiveCfg = Debug|x64
		{73C329A9-88EA-440F-98CA-6F91090F8671}.Debug|x64.Build.0 = Debug|x64
		{73C329A9-88EA-440F-98CA-6F91090F8671}.Debug|x86.ActiveCfg = Debug|Win32
		{73C329A9-88EA-440F-98CA-6F91090F8671}.Debug|x86.Build.0 = Debug|Win32
		{73C329A9-88EA-440F-98CA-6F91090F8671}.Release|x64.ActiveCfg = Release|x64
		{73C329A9-88EA-440F-98CA-6F91090F8671}.Release|x64.Build.0 = Release|x64
		{73C329A9-88EA-440F-98CA-6F91090F8671}.Release|x86.ActiveCfg = Release|Win32
		{73C329A9-88EA-440F-98CA-6F91090F8671}.Release|x86.Build.0 = Release|Win32
		{3EF74EE8-92B6-44A9-914F-E6C8C74603FE}.Debug|x64.ActiveCfg = Debug|x64
		{3EF74EE8-92B6-44A9-914F-E6C8C74603FE}.Debug|x64.Build.0 = Debug|x64
		{3EF74EE8-92B6-44A9-914F-E6C8C74603FE}.Debug|x86.ActiveCfg = Debug|Win32
		{3EF74EE8-92B6-44A9-914F-E6C8C74603FE}.Debug|x86.Build.0 = Debug|Win32
		{3EF74EE8-92B6-44A9-914F-E6C8C74603FE}.Release|x64.ActiveCfg = Release|x64
		{3EF74EE8-92B6-44A9-914F-E6C8C74603FE}.Release|x64.Build.0 = Release|x64
		{3EF74EE8-92B6-44A9-914F-E6C8C74603FE}.Release|x86.ActiveCfg = Release|Win32
		{3EF74EE8-92B6-44A9-914F-E6C8C74603FE}.Release|x86.Build.0 = Release|Win32
		{A39D9206-024F-4A19-9623-FE50A55DB115}.Debug|x64.ActiveCfg = Debug|x64
		{A39D9206-024F-4A19-9623-FE50A55DB115}.Debug|x64.Build.0 = Debug|x64
		{A39D9206-024F-4A19-9623-FE50A55DB115}.Debug|x86.ActiveCfg = Debug|Win32
		{A39D9206-024F-4A19-9623-FE50A55DB115}.Debug|x86.Build.0 = Debug|Win32
		{A39D9206-024F-4A19-9623-FE50A55DB115}.Release|x64.ActiveCfg = Release|x64
		{A39D9206-024F-4A19-9623-FE50A55DB115}.Release|x64.Build.0 = Release|x64
		{A39D9206-024F-4A19-9623-FE50A55DB115}.Release|x86.ActiveCfg = Release|Win32
		{A39D9206-024F-4A19-9623-FE50A55DB115}.Release|x86.Build.0 = Release|Win32
		{7054889A-C62D-40E8-8A0E-882438083E7A}.Debug|x64.ActiveCfg = Debug|x64
		{7054889A-C62D-40E8-8A0E-882438083E7A}.Debug|x64.Build.0 = Debug|x64
		{7054889A-C62D-40E8-8A0E-882438083E7A}.Debug|x86.ActiveCfg = Debug|Win32
		{7054889A-C62D-40E8-8A0E-882438083E7A}.Debug|x86.Build.0 = Debug|Win32
		{7054889A-C62D-40E8-8A0E-882438083E7A}.Release|x64.ActiveCfg = Release|x64
		{7054889A-C62D-40E8-8A0E-882438083E7A}.Release|x64.Build.0 = Release|x64
		{7054889A-C62D-40E8-8A0E-882438083E7A}.Release|x86.ActiveCfg = Release|Win32
		{7054889A-C62D-40E8-8A0E-882438083E7A}.Release|x86.Build.0 = Release|Win32
		{E6FEA402-6416-429F-B4A0-AFCE8B6B3F02}.Debug|x64.ActiveCfg = Debug|x64
		{E6FEA402-6416-429F-B4A0-AFCE8B6B3F02}.Debug|x64.Build.0 = Debug|x64
		{E6FEA402-6416-429F-B4A0-AFCE8B6B3F02}.Debug|x86.ActiveCfg = Debug|Win32
		{E6FEA402-6416-429F-B4A0-AFCE8B6B3F02}.Debug|x86.Build.0 = Debug|Win32
		{E6FEA402-6416-429F-B4A0-AFCE8B6B3F02}.Release|x64.ActiveCfg = Release|x64
		{E6FEA402-6416-429F-B4A0-AFCE8B6B3F02}.Release|x64.Build.0 = Release|x64
		{E6FEA402-6416-429F-B4A0-AFCE8B6B3F02}.Release|x86.ActiveCfg = Release|Win32
		{E6FEA402-6416-429F-B4A0-AFCE8B6B3F02}.Release|x86.Build.0 = Release|Win32
		{6DAE436D-10EE-4759-A0C3-AA531D4867D1}.Debug|x64.ActiveCfg = Debug|x64
		{6DAE436D-10EE-4759-A0C3-AA531D4867D1}.Debug|x64.Build.0 = Debug|x64
		{6DAE436D-10EE-4759-A0C3-AA531D4867D1}.Debug|x86.ActiveCfg = Debug|Win32
		{6DAE436D-10EE-4759-A0C3-AA531D4867D1}.Debug|x86.Build.0 = Debug|Win32
		{6DAE436D-10EE-4759-A0C3-AA531D4867D1}.Release|x64.ActiveCfg = Release|x64
		{6DAE436D-10EE-4759-A0C3-AA531D4867D1}.Release|x64.Build.0 = Release|x64
		{6DAE436D-10EE-4759-A0C3-AA531D4867D1}.Release|x86.ActiveCfg = Release|Win32
		{6DAE436D-10EE-4759-A0C3-AA531D4867D1}.Release|x86.Build.0 = Release|Win32
	EndGlobalSection
	GlobalSection(SolutionProperties) = preSolution
		HideSolutionNode = FALSE
	EndGlobalSection
	GlobalSection(ExtensibilityGlobals) = postSolution
		SolutionGuid = {9BB1066E-EC9F-4FCB-94D5-810AB8E3E309}
	EndGlobalSection
EndGlobal
